
Microsoft Visual Studio Solution File, Format Version 12.00
# Visual Studio Version 17
VisualStudioVersion = 17.10.35013.160
MinimumVisualStudioVersion = 10.0.40219.1
Project("{FAE04EC0-301F-11D3-BF4B-00C04F79EFBC}") = "MahmoudIbrahim_sun&wed_5pm_C#07", "MahmoudIbrahim_sun&wed_5pm_C#07\MahmoudIbrahim_sun&wed_5pm_C#07.csproj", "{56D6C503-9BBE-4E57-B175-711324A68563}"
EndProject
Global
	GlobalSection(SolutionConfigurationPlatforms) = preSolution
		Debug|Any CPU = Debug|Any CPU
		Release|Any CPU = Release|Any CPU
	EndGlobalSection
	GlobalSection(ProjectConfigurationPlatforms) = postSolution
		{56D6C503-9BBE-4E57-B175-711324A68563}.Debug|Any CPU.ActiveCfg = Debug|Any CPU
		{56D6C503-9BBE-4E57-B175-711324A68563}.Debug|Any CPU.Build.0 = Debug|Any CPU
		{56D6C503-9BBE-4E57-B175-711324A68563}.Release|Any CPU.ActiveCfg = Release|Any CPU
		{56D6C503-9BBE-4E57-B175-711324A68563}.Release|Any CPU.Build.0 = Release|Any CPU
	EndGlobalSection
	GlobalSection(SolutionProperties) = preSolution
		HideSolutionNode = FALSE
	EndGlobalSection
	GlobalSection(ExtensibilityGlobals) = postSolution
		SolutionGuid = {8FAA1B18-E3C2-40F8-8582-BB49E0D5ED31}
	EndGlobalSection
EndGlobal
